
Microsoft Visual Studio Solution File, Format Version 12.00
# Visual Studio Version 17
VisualStudioVersion = 17.0.31912.275
MinimumVisualStudioVersion = 10.0.40219.1
Project("{9A19103F-16F7-4668-BE54-9A1E7A4F7556}") = "UserService", "UserService\UserService.csproj", "{20C5CB3E-5FCC-4925-8442-6AC8FAC3CBEF}"
EndProject
Project("{9A19103F-16F7-4668-BE54-9A1E7A4F7556}") = "OrderService", "OrderService\OrderService.csproj", "{12E98865-A09E-423B-AED4-1DBBC72D579C}"
EndProject
Project("{9A19103F-16F7-4668-BE54-9A1E7A4F7556}") = "CartService", "CartService\CartService.csproj", "{7EC268E0-48F9-4524-BA01-D714CBC73D77}"
EndProject
Project("{9A19103F-16F7-4668-BE54-9A1E7A4F7556}") = "ProductService", "ProductService\ProductService.csproj", "{54DE98F0-D3BC-4F3B-8D94-64BC0BD04DA1}"
EndProject
Project("{9A19103F-16F7-4668-BE54-9A1E7A4F7556}") = "OfferService", "OfferService\OfferService.csproj", "{2564BC73-D13A-45A2-BBEA-082119FA03F9}"
EndProject
Project("{9A19103F-16F7-4668-BE54-9A1E7A4F7556}") = "JeanStationModels", "JeanStationModels\JeanStationModels.csproj", "{2209C90F-C8B0-4A2D-9A32-662E95C17119}"
EndProject
Project("{2150E333-8FDC-42A3-9474-1A3956D46DE8}") = "DataAccess", "DataAccess", "{EFFBD39C-1B4F-4B1A-B772-DD4A1976A713}"
EndProject
Project("{9A19103F-16F7-4668-BE54-9A1E7A4F7556}") = "DAL", "DAL\DAL.csproj", "{17C1C57C-AD6E-4CC1-A899-CC0D5A440573}"
EndProject
Project("{2150E333-8FDC-42A3-9474-1A3956D46DE8}") = "Business", "Business", "{6A647046-3CB2-4423-886A-8C1532ED2A50}"
EndProject
Project("{9A19103F-16F7-4668-BE54-9A1E7A4F7556}") = "Services", "Services\Services.csproj", "{ACE6D7CD-9B23-4A5D-AA3E-EC6816C9D1B2}"
EndProject
Project("{E53339B2-1760-4266-BCC7-CA923CBCF16C}") = "docker-compose", "docker-compose.dcproj", "{69E62FEB-97E5-4EAB-AE50-66BA5275F879}"
EndProject
Global
	GlobalSection(SolutionConfigurationPlatforms) = preSolution
		Debug|Any CPU = Debug|Any CPU
		Release|Any CPU = Release|Any CPU
	EndGlobalSection
	GlobalSection(ProjectConfigurationPlatforms) = postSolution
		{20C5CB3E-5FCC-4925-8442-6AC8FAC3CBEF}.Debug|Any CPU.ActiveCfg = Debug|Any CPU
		{20C5CB3E-5FCC-4925-8442-6AC8FAC3CBEF}.Debug|Any CPU.Build.0 = Debug|Any CPU
		{20C5CB3E-5FCC-4925-8442-6AC8FAC3CBEF}.Release|Any CPU.ActiveCfg = Release|Any CPU
		{20C5CB3E-5FCC-4925-8442-6AC8FAC3CBEF}.Release|Any CPU.Build.0 = Release|Any CPU
		{12E98865-A09E-423B-AED4-1DBBC72D579C}.Debug|Any CPU.ActiveCfg = Debug|Any CPU
		{12E98865-A09E-423B-AED4-1DBBC72D579C}.Debug|Any CPU.Build.0 = Debug|Any CPU
		{12E98865-A09E-423B-AED4-1DBBC72D579C}.Release|Any CPU.ActiveCfg = Release|Any CPU
		{12E98865-A09E-423B-AED4-1DBBC72D579C}.Release|Any CPU.Build.0 = Release|Any CPU
		{7EC268E0-48F9-4524-BA01-D714CBC73D77}.Debug|Any CPU.ActiveCfg = Debug|Any CPU
		{7EC268E0-48F9-4524-BA01-D714CBC73D77}.Debug|Any CPU.Build.0 = Debug|Any CPU
		{7EC268E0-48F9-4524-BA01-D714CBC73D77}.Release|Any CPU.ActiveCfg = Release|Any CPU
		{7EC268E0-48F9-4524-BA01-D714CBC73D77}.Release|Any CPU.Build.0 = Release|Any CPU
		{54DE98F0-D3BC-4F3B-8D94-64BC0BD04DA1}.Debug|Any CPU.ActiveCfg = Debug|Any CPU
		{54DE98F0-D3BC-4F3B-8D94-64BC0BD04DA1}.Debug|Any CPU.Build.0 = Debug|Any CPU
		{54DE98F0-D3BC-4F3B-8D94-64BC0BD04DA1}.Release|Any CPU.ActiveCfg = Release|Any CPU
		{54DE98F0-D3BC-4F3B-8D94-64BC0BD04DA1}.Release|Any CPU.Build.0 = Release|Any CPU
		{2564BC73-D13A-45A2-BBEA-082119FA03F9}.Debug|Any CPU.ActiveCfg = Debug|Any CPU
		{2564BC73-D13A-45A2-BBEA-082119FA03F9}.Debug|Any CPU.Build.0 = Debug|Any CPU
		{2564BC73-D13A-45A2-BBEA-082119FA03F9}.Release|Any CPU.ActiveCfg = Release|Any CPU
		{2564BC73-D13A-45A2-BBEA-082119FA03F9}.Release|Any CPU.Build.0 = Release|Any CPU
		{2209C90F-C8B0-4A2D-9A32-662E95C17119}.Debug|Any CPU.ActiveCfg = Debug|Any CPU
		{2209C90F-C8B0-4A2D-9A32-662E95C17119}.Debug|Any CPU.Build.0 = Debug|Any CPU
		{2209C90F-C8B0-4A2D-9A32-662E95C17119}.Release|Any CPU.ActiveCfg = Release|Any CPU
		{2209C90F-C8B0-4A2D-9A32-662E95C17119}.Release|Any CPU.Build.0 = Release|Any CPU
		{17C1C57C-AD6E-4CC1-A899-CC0D5A440573}.Debug|Any CPU.ActiveCfg = Debug|Any CPU
		{17C1C57C-AD6E-4CC1-A899-CC0D5A440573}.Debug|Any CPU.Build.0 = Debug|Any CPU
		{17C1C57C-AD6E-4CC1-A899-CC0D5A440573}.Release|Any CPU.ActiveCfg = Release|Any CPU
		{17C1C57C-AD6E-4CC1-A899-CC0D5A440573}.Release|Any CPU.Build.0 = Release|Any CPU
		{ACE6D7CD-9B23-4A5D-AA3E-EC6816C9D1B2}.Debug|Any CPU.ActiveCfg = Debug|Any CPU
		{ACE6D7CD-9B23-4A5D-AA3E-EC6816C9D1B2}.Debug|Any CPU.Build.0 = Debug|Any CPU
		{ACE6D7CD-9B23-4A5D-AA3E-EC6816C9D1B2}.Release|Any CPU.ActiveCfg = Release|Any CPU
		{ACE6D7CD-9B23-4A5D-AA3E-EC6816C9D1B2}.Release|Any CPU.Build.0 = Release|Any CPU
		{69E62FEB-97E5-4EAB-AE50-66BA5275F879}.Debug|Any CPU.ActiveCfg = Debug|Any CPU
		{69E62FEB-97E5-4EAB-AE50-66BA5275F879}.Debug|Any CPU.Build.0 = Debug|Any CPU
		{69E62FEB-97E5-4EAB-AE50-66BA5275F879}.Release|Any CPU.ActiveCfg = Release|Any CPU
		{69E62FEB-97E5-4EAB-AE50-66BA5275F879}.Release|Any CPU.Build.0 = Release|Any CPU
	EndGlobalSection
	GlobalSection(SolutionProperties) = preSolution
		HideSolutionNode = FALSE
	EndGlobalSection
	GlobalSection(NestedProjects) = preSolution
		{17C1C57C-AD6E-4CC1-A899-CC0D5A440573} = {EFFBD39C-1B4F-4B1A-B772-DD4A1976A713}
		{ACE6D7CD-9B23-4A5D-AA3E-EC6816C9D1B2} = {6A647046-3CB2-4423-886A-8C1532ED2A50}
	EndGlobalSection
	GlobalSection(ExtensibilityGlobals) = postSolution
		SolutionGuid = {F9FB0349-D07B-4226-ACDE-BE2F9F161045}
	EndGlobalSection
EndGlobal
