
Microsoft Visual Studio Solution File, Format Version 12.00
# Visual Studio Version 17
VisualStudioVersion = 17.0.31912.275
MinimumVisualStudioVersion = 10.0.40219.1
Project("{FAE04EC0-301F-11D3-BF4B-00C04F79EFBC}") = "UserService", "UserService\UserService.csproj", "{20C5CB3E-5FCC-4925-8442-6AC8FAC3CBEF}"
EndProject
Project("{FAE04EC0-301F-11D3-BF4B-00C04F79EFBC}") = "OrderService", "OrderService\OrderService.csproj", "{12E98865-A09E-423B-AED4-1DBBC72D579C}"
EndProject
Project("{FAE04EC0-301F-11D3-BF4B-00C04F79EFBC}") = "CartService", "CartService\CartService.csproj", "{7EC268E0-48F9-4524-BA01-D714CBC73D77}"
EndProject
Project("{FAE04EC0-301F-11D3-BF4B-00C04F79EFBC}") = "ProductService", "ProductService\ProductService.csproj", "{54DE98F0-D3BC-4F3B-8D94-64BC0BD04DA1}"
EndProject
Project("{FAE04EC0-301F-11D3-BF4B-00C04F79EFBC}") = "OfferService", "OfferService\OfferService.csproj", "{2564BC73-D13A-45A2-BBEA-082119FA03F9}"
EndProject
Global
	GlobalSection(SolutionConfigurationPlatforms) = preSolution
		Debug|Any CPU = Debug|Any CPU
		Release|Any CPU = Release|Any CPU
	EndGlobalSection
	GlobalSection(ProjectConfigurationPlatforms) = postSolution
		{20C5CB3E-5FCC-4925-8442-6AC8FAC3CBEF}.Debug|Any CPU.ActiveCfg = Debug|Any CPU
		{20C5CB3E-5FCC-4925-8442-6AC8FAC3CBEF}.Debug|Any CPU.Build.0 = Debug|Any CPU
		{20C5CB3E-5FCC-4925-8442-6AC8FAC3CBEF}.Release|Any CPU.ActiveCfg = Release|Any CPU
		{20C5CB3E-5FCC-4925-8442-6AC8FAC3CBEF}.Release|Any CPU.Build.0 = Release|Any CPU
		{12E98865-A09E-423B-AED4-1DBBC72D579C}.Debug|Any CPU.ActiveCfg = Debug|Any CPU
		{12E98865-A09E-423B-AED4-1DBBC72D579C}.Debug|Any CPU.Build.0 = Debug|Any CPU
		{12E98865-A09E-423B-AED4-1DBBC72D579C}.Release|Any CPU.ActiveCfg = Release|Any CPU
		{12E98865-A09E-423B-AED4-1DBBC72D579C}.Release|Any CPU.Build.0 = Release|Any CPU
		{7EC268E0-48F9-4524-BA01-D714CBC73D77}.Debug|Any CPU.ActiveCfg = Debug|Any CPU
		{7EC268E0-48F9-4524-BA01-D714CBC73D77}.Debug|Any CPU.Build.0 = Debug|Any CPU
		{7EC268E0-48F9-4524-BA01-D714CBC73D77}.Release|Any CPU.ActiveCfg = Release|Any CPU
		{7EC268E0-48F9-4524-BA01-D714CBC73D77}.Release|Any CPU.Build.0 = Release|Any CPU
		{54DE98F0-D3BC-4F3B-8D94-64BC0BD04DA1}.Debug|Any CPU.ActiveCfg = Debug|Any CPU
		{54DE98F0-D3BC-4F3B-8D94-64BC0BD04DA1}.Debug|Any CPU.Build.0 = Debug|Any CPU
		{54DE98F0-D3BC-4F3B-8D94-64BC0BD04DA1}.Release|Any CPU.ActiveCfg = Release|Any CPU
		{54DE98F0-D3BC-4F3B-8D94-64BC0BD04DA1}.Release|Any CPU.Build.0 = Release|Any CPU
		{2564BC73-D13A-45A2-BBEA-082119FA03F9}.Debug|Any CPU.ActiveCfg = Debug|Any CPU
		{2564BC73-D13A-45A2-BBEA-082119FA03F9}.Debug|Any CPU.Build.0 = Debug|Any CPU
		{2564BC73-D13A-45A2-BBEA-082119FA03F9}.Release|Any CPU.ActiveCfg = Release|Any CPU
		{2564BC73-D13A-45A2-BBEA-082119FA03F9}.Release|Any CPU.Build.0 = Release|Any CPU
	EndGlobalSection
	GlobalSection(SolutionProperties) = preSolution
		HideSolutionNode = FALSE
	EndGlobalSection
	GlobalSection(ExtensibilityGlobals) = postSolution
		SolutionGuid = {F9FB0349-D07B-4226-ACDE-BE2F9F161045}
	EndGlobalSection
EndGlobal
